{
    "name": "node-red-project",
    "version": "0.0.1",
    "lockfileVersion": 1,
    "requires": true,
    "dependencies": {
        "argparse": {
            "version": "1.0.10",
            "resolved": "https://registry.npmjs.org/argparse/-/argparse-1.0.10.tgz",
            "integrity": "sha512-o5Roy6tNG4SL/FOkCAN6RzjiakZS25RLYFrcMttJqbdd8BWrnA+fGz57iN5Pb06pvBGvl5gQ0B48dJlslXvoTg==",
            "requires": {
                "sprintf-js": "~1.0.2"
            }
        },
        "bson": {
            "version": "1.0.9",
            "resolved": "https://registry.npmjs.org/bson/-/bson-1.0.9.tgz",
            "integrity": "sha512-IQX9/h7WdMBIW/q/++tGd+emQr0XMdeZ6icnT/74Xk9fnabWn+gZgpE+9V+gujL3hhJOoNrnDVY7tWdzc7NUTg=="
        },
        "buffer-shims": {
            "version": "1.0.0",
            "resolved": "https://registry.npmjs.org/buffer-shims/-/buffer-shims-1.0.0.tgz",
            "integrity": "sha1-mXjOMXOIxkmth5MCjDR37wRKi1E="
        },
        "cfenv": {
            "version": "1.2.2",
            "resolved": "https://registry.npmjs.org/cfenv/-/cfenv-1.2.2.tgz",
            "integrity": "sha512-fl8xrG9ezqfO7L664lL+/vkqXun0D/xS/0IJ9++IMHLR6SI0If56C/KIHy9oIGb8jq9swHZFdct1MfN/80yYUw==",
            "requires": {
                "js-yaml": "3.13.x",
                "ports": "1.1.x",
                "underscore": "1.9.x"
            }
        },
        "core-util-is": {
            "version": "1.0.2",
            "resolved": "https://registry.npmjs.org/core-util-is/-/core-util-is-1.0.2.tgz",
            "integrity": "sha1-tf1UIgqivFq1eqtxQMlAdUUDwac="
        },
        "es6-promise": {
            "version": "3.2.1",
            "resolved": "https://registry.npmjs.org/es6-promise/-/es6-promise-3.2.1.tgz",
            "integrity": "sha1-7FYjOGgDKQkgcXDDlEjiREndH8Q="
        },
        "esprima": {
            "version": "4.0.1",
            "resolved": "https://registry.npmjs.org/esprima/-/esprima-4.0.1.tgz",
            "integrity": "sha512-eGuFFw7Upda+g4p+QHvnW0RyTX/SVeJBDM/gCtMARO0cLuT2HcEKnTPvhjV6aGeqrCB/sbNop0Kszm0jsaWU4A=="
        },
        "inherits": {
            "version": "2.0.4",
            "resolved": "https://registry.npmjs.org/inherits/-/inherits-2.0.4.tgz",
            "integrity": "sha512-k/vGaX4/Yla3WzyMCvTQOXYeIHvqOKtnqBduzTHpzpQZzAskKMhZ2K+EnBiSM9zGSoIFeMpXKxa4dYeZIQqewQ=="
        },
        "isarray": {
            "version": "1.0.0",
            "resolved": "https://registry.npmjs.org/isarray/-/isarray-1.0.0.tgz",
            "integrity": "sha1-u5NdSFgsuhaMBoNJV6VKPgcSTxE="
        },
        "js-yaml": {
            "version": "3.13.1",
            "resolved": "https://registry.npmjs.org/js-yaml/-/js-yaml-3.13.1.tgz",
            "integrity": "sha512-YfbcO7jXDdyj0DGxYVSlSeQNHbD7XPWvrVWeVUujrQEoZzWJIRrCPoyk6kL6IAjAG2IolMK4T0hNUe0HOUs5Jw==",
            "requires": {
                "argparse": "^1.0.7",
                "esprima": "^4.0.0"
            }
        },
        "memory-pager": {
            "version": "1.5.0",
            "resolved": "https://registry.npmjs.org/memory-pager/-/memory-pager-1.5.0.tgz",
            "integrity": "sha512-ZS4Bp4r/Zoeq6+NLJpP+0Zzm0pR8whtGPf1XExKLJBAczGMnSi3It14OiNCStjQjM6NU1okjQGSxgEZN8eBYKg==",
            "optional": true
        },
        "mongodb": {
            "version": "2.2.36",
            "resolved": "https://registry.npmjs.org/mongodb/-/mongodb-2.2.36.tgz",
            "integrity": "sha512-P2SBLQ8Z0PVx71ngoXwo12+FiSfbNfGOClAao03/bant5DgLNkOPAck5IaJcEk4gKlQhDEURzfR3xuBG1/B+IA==",
            "requires": {
                "es6-promise": "3.2.1",
                "mongodb-core": "2.1.20",
                "readable-stream": "2.2.7"
            }
        },
        "mongodb-core": {
            "version": "2.1.20",
            "resolved": "https://registry.npmjs.org/mongodb-core/-/mongodb-core-2.1.20.tgz",
            "integrity": "sha512-IN57CX5/Q1bhDq6ShAR6gIv4koFsZP7L8WOK1S0lR0pVDQaScffSMV5jxubLsmZ7J+UdqmykKw4r9hG3XQEGgQ==",
            "requires": {
                "bson": "~1.0.4",
                "require_optional": "~1.0.0"
            }
        },
        "node-red-contrib-mongodb": {
            "version": "0.3.4",
            "resolved": "https://registry.npmjs.org/node-red-contrib-mongodb/-/node-red-contrib-mongodb-0.3.4.tgz",
            "integrity": "sha512-df7D7zaX9h1hWXe3hfqvZi11+c5i5/iFCxFepFUD5WncaLsfLFm4fRqWOlpirAGoREqwrktGBQpEObFGOoAhEw==",
            "requires": {
                "mongodb": "^2.2.34"
            }
        },
        "node-red-contrib-mongodb2": {
            "version": "0.5.6",
            "resolved": "https://registry.npmjs.org/node-red-contrib-mongodb2/-/node-red-contrib-mongodb2-0.5.6.tgz",
            "integrity": "sha1-Hh1eP6H3MnZ3ueYik93fBsoX4a8=",
            "requires": {
                "cfenv": "^1.0.3",
                "mongodb": "^2.1.6"
            }
        },
        "node-red-contrib-mongodb3": {
            "version": "2.0.1",
            "resolved": "https://registry.npmjs.org/node-red-contrib-mongodb3/-/node-red-contrib-mongodb3-2.0.1.tgz",
            "integrity": "sha512-eVGNENdhi/R94Nov2w0VTlmROdJTM0UsbYIVWrz5J14zplIHz55cPKAma+Z1OHm1WefKjV7SyG7Dty4j4E8Urg==",
            "requires": {
                "cfenv": "^1.0.4",
                "mongodb": "^3.0.11"
            },
            "dependencies": {
                "bson": {
                    "version": "1.1.1",
                    "resolved": "https://registry.npmjs.org/bson/-/bson-1.1.1.tgz",
                    "integrity": "sha512-jCGVYLoYMHDkOsbwJZBCqwMHyH4c+wzgI9hG7Z6SZJRXWr+x58pdIbm2i9a/jFGCkRJqRUr8eoI7lDWa0hTkxg=="
                },
                "mongodb": {
                    "version": "3.3.3",
                    "resolved": "https://registry.npmjs.org/mongodb/-/mongodb-3.3.3.tgz",
                    "integrity": "sha512-MdRnoOjstmnrKJsK8PY0PjP6fyF/SBS4R8coxmhsfEU7tQ46/J6j+aSHF2n4c2/H8B+Hc/Klbfp8vggZfI0mmA==",
                    "requires": {
                        "bson": "^1.1.1",
                        "require_optional": "^1.0.1",
                        "safe-buffer": "^5.1.2",
                        "saslprep": "^1.0.0"
                    }
                }
            }
        },
        "node-red-contrib-uuid": {
            "version": "0.0.4",
            "resolved": "https://registry.npmjs.org/node-red-contrib-uuid/-/node-red-contrib-uuid-0.0.4.tgz",
            "integrity": "sha512-mfWRK0rCKgFaXSANDjOvGodKsnPQlBGzVMkxxTmkiQWcKME9R6nyJqn7Lp8y6hSgE5GVaRa7k/RKxDLxp78i6w==",
            "requires": {
                "uuid": "3.2.1"
            }
        },
        "node-red-mongodb": {
            "version": "0.0.18",
            "resolved": "https://registry.npmjs.org/node-red-mongodb/-/node-red-mongodb-0.0.18.tgz",
            "integrity": "sha512-65QlSGPab4RMIltPzh950szjv4TJ7vAvasXi0il3GRE2o/dubhBCADUki6nNofY8y98SaqbPV9CL+usToH4A8A==",
            "requires": {
                "mongodb": "^2.2.11"
            }
        },
        "ports": {
            "version": "1.1.0",
            "resolved": "https://registry.npmjs.org/ports/-/ports-1.1.0.tgz",
            "integrity": "sha1-twGqKF6V2ujJbNonUhdySh9/bGA="
        },
        "process-nextick-args": {
            "version": "1.0.7",
            "resolved": "https://registry.npmjs.org/process-nextick-args/-/process-nextick-args-1.0.7.tgz",
            "integrity": "sha1-FQ4gt1ZZCtP5EJPyWk8q2L/zC6M="
        },
        "readable-stream": {
            "version": "2.2.7",
            "resolved": "https://registry.npmjs.org/readable-stream/-/readable-stream-2.2.7.tgz",
            "integrity": "sha1-BwV6y+JGeyIELTb5jFrVBwVOlbE=",
            "requires": {
                "buffer-shims": "~1.0.0",
                "core-util-is": "~1.0.0",
                "inherits": "~2.0.1",
                "isarray": "~1.0.0",
                "process-nextick-args": "~1.0.6",
                "string_decoder": "~1.0.0",
                "util-deprecate": "~1.0.1"
            }
        },
        "require_optional": {
            "version": "1.0.1",
            "resolved": "https://registry.npmjs.org/require_optional/-/require_optional-1.0.1.tgz",
            "integrity": "sha512-qhM/y57enGWHAe3v/NcwML6a3/vfESLe/sGM2dII+gEO0BpKRUkWZow/tyloNqJyN6kXSl3RyyM8Ll5D/sJP8g==",
            "requires": {
                "resolve-from": "^2.0.0",
                "semver": "^5.1.0"
            }
        },
        "resolve-from": {
            "version": "2.0.0",
            "resolved": "https://registry.npmjs.org/resolve-from/-/resolve-from-2.0.0.tgz",
            "integrity": "sha1-lICrIOlP+h2egKgEx+oUdhGWa1c="
        },
        "safe-buffer": {
            "version": "5.1.2",
            "resolved": "https://registry.npmjs.org/safe-buffer/-/safe-buffer-5.1.2.tgz",
            "integrity": "sha512-Gd2UZBJDkXlY7GbJxfsE8/nvKkUEU1G38c1siN6QP6a9PT9MmHB8GnpscSmMJSoF8LOIrt8ud/wPtojys4G6+g=="
        },
        "saslprep": {
            "version": "1.0.3",
            "resolved": "https://registry.npmjs.org/saslprep/-/saslprep-1.0.3.tgz",
            "integrity": "sha512-/MY/PEMbk2SuY5sScONwhUDsV2p77Znkb/q3nSVstq/yQzYJOH/Azh29p9oJLsl3LnQwSvZDKagDGBsBwSooag==",
            "optional": true,
            "requires": {
                "sparse-bitfield": "^3.0.3"
            }
        },
        "semver": {
            "version": "5.7.1",
            "resolved": "https://registry.npmjs.org/semver/-/semver-5.7.1.tgz",
            "integrity": "sha512-sauaDf/PZdVgrLTNYHRtpXa1iRiKcaebiKQ1BJdpQlWH2lCvexQdX55snPFyK7QzpudqbCI0qXFfOasHdyNDGQ=="
        },
        "sparse-bitfield": {
            "version": "3.0.3",
            "resolved": "https://registry.npmjs.org/sparse-bitfield/-/sparse-bitfield-3.0.3.tgz",
            "integrity": "sha1-/0rm5oZWBWuks+eSqzM004JzyhE=",
            "optional": true,
            "requires": {
                "memory-pager": "^1.0.2"
            }
        },
        "sprintf-js": {
            "version": "1.0.3",
            "resolved": "https://registry.npmjs.org/sprintf-js/-/sprintf-js-1.0.3.tgz",
            "integrity": "sha1-BOaSb2YolTVPPdAVIDYzuFcpfiw="
        },
        "string_decoder": {
            "version": "1.0.3",
            "resolved": "https://registry.npmjs.org/string_decoder/-/string_decoder-1.0.3.tgz",
            "integrity": "sha512-4AH6Z5fzNNBcH+6XDMfA/BTt87skxqJlO0lAh3Dker5zThcAxG6mKz+iGu308UKoPPQ8Dcqx/4JhujzltRa+hQ==",
            "requires": {
                "safe-buffer": "~5.1.0"
            }
        },
        "underscore": {
            "version": "1.9.1",
            "resolved": "https://registry.npmjs.org/underscore/-/underscore-1.9.1.tgz",
            "integrity": "sha512-5/4etnCkd9c8gwgowi5/om/mYO5ajCaOgdzj/oW+0eQV9WxKBDZw5+ycmKmeaTXjInS/W0BzpGLo2xR2aBwZdg=="
        },
        "util-deprecate": {
            "version": "1.0.2",
            "resolved": "https://registry.npmjs.org/util-deprecate/-/util-deprecate-1.0.2.tgz",
            "integrity": "sha1-RQ1Nyfpw3nMnYvvS1KKJgUGaDM8="
        },
        "uuid": {
            "version": "3.2.1",
            "resolved": "https://registry.npmjs.org/uuid/-/uuid-3.2.1.tgz",
            "integrity": "sha512-jZnMwlb9Iku/O3smGWvZhauCf6cvvpKi4BKRiliS3cxnI+Gz9j5MEpTz2UFuXiKPJocb7gnsLHwiS05ige5BEA=="
        }
    }
}
